
Microsoft Visual Studio Solution File, Format Version 12.00
# Visual Studio 2012
Project("{FAE04EC0-301F-11D3-BF4B-00C04F79EFBC}") = "manson_autoupdater_client", "manson_autoupdater_client\manson_autoupdater_client.csproj", "{15767046-2BB6-4641-9138-51F9985DE871}"
EndProject
Project("{FAE04EC0-301F-11D3-BF4B-00C04F79EFBC}") = "Test", "..\Test\Test.csproj", "{79C803D8-673A-4B49-BA6A-E00E7223002F}"
EndProject
Project("{FAE04EC0-301F-11D3-BF4B-00C04F79EFBC}") = "updater", "..\updater\updater.csproj", "{39E0B2DF-7B17-4F65-9846-98B271D6E3EC}"
EndProject
Global
	GlobalSection(SolutionConfigurationPlatforms) = preSolution
		Debug|Any CPU = Debug|Any CPU
		Release|Any CPU = Release|Any CPU
	EndGlobalSection
	GlobalSection(ProjectConfigurationPlatforms) = postSolution
		{15767046-2BB6-4641-9138-51F9985DE871}.Debug|Any CPU.ActiveCfg = Debug|Any CPU
		{15767046-2BB6-4641-9138-51F9985DE871}.Debug|Any CPU.Build.0 = Debug|Any CPU
		{15767046-2BB6-4641-9138-51F9985DE871}.Release|Any CPU.ActiveCfg = Release|Any CPU
		{15767046-2BB6-4641-9138-51F9985DE871}.Release|Any CPU.Build.0 = Release|Any CPU
		{79C803D8-673A-4B49-BA6A-E00E7223002F}.Debug|Any CPU.ActiveCfg = Debug|Any CPU
		{79C803D8-673A-4B49-BA6A-E00E7223002F}.Debug|Any CPU.Build.0 = Debug|Any CPU
		{79C803D8-673A-4B49-BA6A-E00E7223002F}.Release|Any CPU.ActiveCfg = Release|Any CPU
		{79C803D8-673A-4B49-BA6A-E00E7223002F}.Release|Any CPU.Build.0 = Release|Any CPU
		{39E0B2DF-7B17-4F65-9846-98B271D6E3EC}.Debug|Any CPU.ActiveCfg = Debug|Any CPU
		{39E0B2DF-7B17-4F65-9846-98B271D6E3EC}.Debug|Any CPU.Build.0 = Debug|Any CPU
		{39E0B2DF-7B17-4F65-9846-98B271D6E3EC}.Release|Any CPU.ActiveCfg = Release|Any CPU
		{39E0B2DF-7B17-4F65-9846-98B271D6E3EC}.Release|Any CPU.Build.0 = Release|Any CPU
	EndGlobalSection
	GlobalSection(SolutionProperties) = preSolution
		HideSolutionNode = FALSE
	EndGlobalSection
EndGlobal
